
Microsoft Visual Studio Solution File, Format Version 12.00
# Visual Studio Version 17
VisualStudioVersion = 17.4.33213.308
MinimumVisualStudioVersion = 10.0.40219.1
Project("{FAE04EC0-301F-11D3-BF4B-00C04F79EFBC}") = "Voting-Platform", "Voting-Platform.csproj", "{1B0B50AC-332E-4C8D-90F5-9BBFAADD1EB6}"
EndProject
Global
	GlobalSection(SolutionConfigurationPlatforms) = preSolution
		Debug|Any CPU = Debug|Any CPU
		Release|Any CPU = Release|Any CPU
	EndGlobalSection
	GlobalSection(ProjectConfigurationPlatforms) = postSolution
		{1B0B50AC-332E-4C8D-90F5-9BBFAADD1EB6}.Debug|Any CPU.ActiveCfg = Debug|Any CPU
		{1B0B50AC-332E-4C8D-90F5-9BBFAADD1EB6}.Debug|Any CPU.Build.0 = Debug|Any CPU
		{1B0B50AC-332E-4C8D-90F5-9BBFAADD1EB6}.Release|Any CPU.ActiveCfg = Release|Any CPU
		{1B0B50AC-332E-4C8D-90F5-9BBFAADD1EB6}.Release|Any CPU.Build.0 = Release|Any CPU
	EndGlobalSection
	GlobalSection(SolutionProperties) = preSolution
		HideSolutionNode = FALSE
	EndGlobalSection
	GlobalSection(ExtensibilityGlobals) = postSolution
		SolutionGuid = {BB293593-F568-4F64-93E0-8ABA9A952C8C}
	EndGlobalSection
EndGlobal
